
Microsoft Visual Studio Solution File, Format Version 12.00
Project("{FAE04EC0-301F-11D3-BF4B-00C04F79EFBC}") = "ReactiveInjection", "ReactiveInjection\ReactiveInjection.csproj", "{0344C672-BC37-4597-997D-026D23BD07D7}"
EndProject
Project("{FAE04EC0-301F-11D3-BF4B-00C04F79EFBC}") = "ReactiveInjection.Tests", "ReactiveInjection.Tests\ReactiveInjection.Tests.csproj", "{9FC834D4-5E5C-4878-96B3-B98546D71252}"
EndProject
Project("{FAE04EC0-301F-11D3-BF4B-00C04F79EFBC}") = "ReactiveInjection.Tests.Generator", "ReactiveInjection.Tests.Generator\ReactiveInjection.Tests.Generator.csproj", "{BED08732-4190-4AD4-AD06-A7D9DFE3AB8E}"
EndProject
Global
	GlobalSection(SolutionConfigurationPlatforms) = preSolution
		Debug|Any CPU = Debug|Any CPU
		Release|Any CPU = Release|Any CPU
	EndGlobalSection
	GlobalSection(ProjectConfigurationPlatforms) = postSolution
		{0344C672-BC37-4597-997D-026D23BD07D7}.Debug|Any CPU.ActiveCfg = Debug|Any CPU
		{0344C672-BC37-4597-997D-026D23BD07D7}.Debug|Any CPU.Build.0 = Debug|Any CPU
		{0344C672-BC37-4597-997D-026D23BD07D7}.Release|Any CPU.ActiveCfg = Release|Any CPU
		{0344C672-BC37-4597-997D-026D23BD07D7}.Release|Any CPU.Build.0 = Release|Any CPU
		{9FC834D4-5E5C-4878-96B3-B98546D71252}.Debug|Any CPU.ActiveCfg = Debug|Any CPU
		{9FC834D4-5E5C-4878-96B3-B98546D71252}.Debug|Any CPU.Build.0 = Debug|Any CPU
		{9FC834D4-5E5C-4878-96B3-B98546D71252}.Release|Any CPU.ActiveCfg = Release|Any CPU
		{9FC834D4-5E5C-4878-96B3-B98546D71252}.Release|Any CPU.Build.0 = Release|Any CPU
		{BED08732-4190-4AD4-AD06-A7D9DFE3AB8E}.Debug|Any CPU.ActiveCfg = Debug|Any CPU
		{BED08732-4190-4AD4-AD06-A7D9DFE3AB8E}.Debug|Any CPU.Build.0 = Debug|Any CPU
		{BED08732-4190-4AD4-AD06-A7D9DFE3AB8E}.Release|Any CPU.ActiveCfg = Release|Any CPU
		{BED08732-4190-4AD4-AD06-A7D9DFE3AB8E}.Release|Any CPU.Build.0 = Release|Any CPU
	EndGlobalSection
EndGlobal
